
Microsoft Visual Studio Solution File, Format Version 12.00
# Visual Studio Version 16
VisualStudioVersion = 16.0.30621.155
MinimumVisualStudioVersion = 10.0.40219.1
Project("{FAE04EC0-301F-11D3-BF4B-00C04F79EFBC}") = "Calculator", "Calculator\Calculator.csproj", "{383EB2C7-10AA-4126-A50F-560F179A9FF0}"
EndProject
Global
	GlobalSection(SolutionConfigurationPlatforms) = preSolution
		Debug|Any CPU = Debug|Any CPU
		Release|Any CPU = Release|Any CPU
	EndGlobalSection
	GlobalSection(ProjectConfigurationPlatforms) = postSolution
		{383EB2C7-10AA-4126-A50F-560F179A9FF0}.Debug|Any CPU.ActiveCfg = Debug|Any CPU
		{383EB2C7-10AA-4126-A50F-560F179A9FF0}.Debug|Any CPU.Build.0 = Debug|Any CPU
		{383EB2C7-10AA-4126-A50F-560F179A9FF0}.Release|Any CPU.ActiveCfg = Release|Any CPU
		{383EB2C7-10AA-4126-A50F-560F179A9FF0}.Release|Any CPU.Build.0 = Release|Any CPU
	EndGlobalSection
	GlobalSection(SolutionProperties) = preSolution
		HideSolutionNode = FALSE
	EndGlobalSection
	GlobalSection(ExtensibilityGlobals) = postSolution
		SolutionGuid = {BF463E11-A0EC-4D2D-AC47-FFDC4893A2CC}
	EndGlobalSection
EndGlobal
